
Microsoft Visual Studio Solution File, Format Version 10.00
# Visual Studio 2008
Project("{FAE04EC0-301F-11D3-BF4B-00C04F79EFBC}") = "SocksTun", "SocksTun.csproj", "{595643D2-A449-4BAC-B9D8-56E453EB11A2}"
EndProject
Global
	GlobalSection(SolutionConfigurationPlatforms) = preSolution
		Debug|Any CPU = Debug|Any CPU
		Release|Any CPU = Release|Any CPU
	EndGlobalSection
	GlobalSection(ProjectConfigurationPlatforms) = postSolution
		{595643D2-A449-4BAC-B9D8-56E453EB11A2}.Debug|Any CPU.ActiveCfg = Debug|Any CPU
		{595643D2-A449-4BAC-B9D8-56E453EB11A2}.Debug|Any CPU.Build.0 = Debug|Any CPU
		{595643D2-A449-4BAC-B9D8-56E453EB11A2}.Release|Any CPU.ActiveCfg = Release|Any CPU
		{595643D2-A449-4BAC-B9D8-56E453EB11A2}.Release|Any CPU.Build.0 = Release|Any CPU
	EndGlobalSection
	GlobalSection(SolutionProperties) = preSolution
		HideSolutionNode = FALSE
	EndGlobalSection
	GlobalSection(ExtensibilityGlobals) = postSolution
		VisualSVNWorkingCopyRoot = 
	EndGlobalSection
EndGlobal
